
Microsoft Visual Studio Solution File, Format Version 12.00
# Visual Studio Version 16
VisualStudioVersion = 16.0.29613.14
MinimumVisualStudioVersion = 10.0.40219.1
Project("{9A19103F-16F7-4668-BE54-9A1E7A4F7556}") = "TechMarket", "TechMarket\TechMarket.csproj", "{77C0C7E5-2B6C-4C96-9825-084C555887BE}"
EndProject
Project("{9A19103F-16F7-4668-BE54-9A1E7A4F7556}") = "TechMarket.DAL", "TechMarket.DAL\TechMarket.DAL.csproj", "{EFDAA16A-C490-4160-9D2E-F7D9B7505FA2}"
EndProject
Project("{FAE04EC0-301F-11D3-BF4B-00C04F79EFBC}") = "TechMarket.BLL", "TechMarket.BLL\TechMarket.BLL.csproj", "{B8173621-D86F-4D82-AC3F-CAF6AE1A75BB}"
EndProject
Global
	GlobalSection(SolutionConfigurationPlatforms) = preSolution
		Debug|Any CPU = Debug|Any CPU
		Release|Any CPU = Release|Any CPU
	EndGlobalSection
	GlobalSection(ProjectConfigurationPlatforms) = postSolution
		{77C0C7E5-2B6C-4C96-9825-084C555887BE}.Debug|Any CPU.ActiveCfg = Debug|Any CPU
		{77C0C7E5-2B6C-4C96-9825-084C555887BE}.Debug|Any CPU.Build.0 = Debug|Any CPU
		{77C0C7E5-2B6C-4C96-9825-084C555887BE}.Release|Any CPU.ActiveCfg = Release|Any CPU
		{77C0C7E5-2B6C-4C96-9825-084C555887BE}.Release|Any CPU.Build.0 = Release|Any CPU
		{EFDAA16A-C490-4160-9D2E-F7D9B7505FA2}.Debug|Any CPU.ActiveCfg = Debug|Any CPU
		{EFDAA16A-C490-4160-9D2E-F7D9B7505FA2}.Debug|Any CPU.Build.0 = Debug|Any CPU
		{EFDAA16A-C490-4160-9D2E-F7D9B7505FA2}.Release|Any CPU.ActiveCfg = Release|Any CPU
		{EFDAA16A-C490-4160-9D2E-F7D9B7505FA2}.Release|Any CPU.Build.0 = Release|Any CPU
		{B8173621-D86F-4D82-AC3F-CAF6AE1A75BB}.Debug|Any CPU.ActiveCfg = Debug|Any CPU
		{B8173621-D86F-4D82-AC3F-CAF6AE1A75BB}.Debug|Any CPU.Build.0 = Debug|Any CPU
		{B8173621-D86F-4D82-AC3F-CAF6AE1A75BB}.Release|Any CPU.ActiveCfg = Release|Any CPU
		{B8173621-D86F-4D82-AC3F-CAF6AE1A75BB}.Release|Any CPU.Build.0 = Release|Any CPU
	EndGlobalSection
	GlobalSection(SolutionProperties) = preSolution
		HideSolutionNode = FALSE
	EndGlobalSection
	GlobalSection(ExtensibilityGlobals) = postSolution
		SolutionGuid = {A8291A27-57DF-445D-9686-1253DD778693}
	EndGlobalSection
EndGlobal
